
Microsoft Visual Studio Solution File, Format Version 12.00
# Visual Studio Version 17
VisualStudioVersion = 17.2.32616.157
MinimumVisualStudioVersion = 10.0.40219.1
Project("{FAE04EC0-301F-11D3-BF4B-00C04F79EFBC}") = "LoginBackend", "LoginBackend.csproj", "{34AD96AA-98D7-4F40-84A3-2C276CD92CC2}"
EndProject
Global
	GlobalSection(SolutionConfigurationPlatforms) = preSolution
		Debug|Any CPU = Debug|Any CPU
		Release|Any CPU = Release|Any CPU
	EndGlobalSection
	GlobalSection(ProjectConfigurationPlatforms) = postSolution
		{34AD96AA-98D7-4F40-84A3-2C276CD92CC2}.Debug|Any CPU.ActiveCfg = Debug|Any CPU
		{34AD96AA-98D7-4F40-84A3-2C276CD92CC2}.Debug|Any CPU.Build.0 = Debug|Any CPU
		{34AD96AA-98D7-4F40-84A3-2C276CD92CC2}.Release|Any CPU.ActiveCfg = Release|Any CPU
		{34AD96AA-98D7-4F40-84A3-2C276CD92CC2}.Release|Any CPU.Build.0 = Release|Any CPU
	EndGlobalSection
	GlobalSection(SolutionProperties) = preSolution
		HideSolutionNode = FALSE
	EndGlobalSection
	GlobalSection(ExtensibilityGlobals) = postSolution
		SolutionGuid = {DF317916-3502-4BA5-BC0B-7F788BEE92C0}
	EndGlobalSection
EndGlobal
